
Microsoft Visual Studio Solution File, Format Version 12.00
# Visual Studio Version 17
VisualStudioVersion = 17.4.33213.308
MinimumVisualStudioVersion = 10.0.40219.1
Project("{FAE04EC0-301F-11D3-BF4B-00C04F79EFBC}") = "webapp", "webapp\webapp.csproj", "{C48D3EF4-A71A-4E42-BE26-08A30EF0B6AA}"
EndProject
Global
	GlobalSection(SolutionConfigurationPlatforms) = preSolution
		Debug|Any CPU = Debug|Any CPU
		Release|Any CPU = Release|Any CPU
	EndGlobalSection
	GlobalSection(ProjectConfigurationPlatforms) = postSolution
		{C48D3EF4-A71A-4E42-BE26-08A30EF0B6AA}.Debug|Any CPU.ActiveCfg = Debug|Any CPU
		{C48D3EF4-A71A-4E42-BE26-08A30EF0B6AA}.Debug|Any CPU.Build.0 = Debug|Any CPU
		{C48D3EF4-A71A-4E42-BE26-08A30EF0B6AA}.Release|Any CPU.ActiveCfg = Release|Any CPU
		{C48D3EF4-A71A-4E42-BE26-08A30EF0B6AA}.Release|Any CPU.Build.0 = Release|Any CPU
	EndGlobalSection
	GlobalSection(SolutionProperties) = preSolution
		HideSolutionNode = FALSE
	EndGlobalSection
	GlobalSection(ExtensibilityGlobals) = postSolution
		SolutionGuid = {85DA124F-D3E4-4D3F-8A5E-520B3E292EEB}
	EndGlobalSection
EndGlobal
